
Microsoft Visual Studio Solution File, Format Version 12.00
# Visual Studio Version 17
VisualStudioVersion = 17.6.33829.357
MinimumVisualStudioVersion = 10.0.40219.1
Project("{FAE04EC0-301F-11D3-BF4B-00C04F79EFBC}") = "LongGame", "LongGame.csproj", "{362E630C-937E-4B3B-9EA2-1699176C1186}"
EndProject
Global
	GlobalSection(SolutionConfigurationPlatforms) = preSolution
		Debug|Any CPU = Debug|Any CPU
		Release|Any CPU = Release|Any CPU
	EndGlobalSection
	GlobalSection(ProjectConfigurationPlatforms) = postSolution
		{362E630C-937E-4B3B-9EA2-1699176C1186}.Debug|Any CPU.ActiveCfg = Debug|Any CPU
		{362E630C-937E-4B3B-9EA2-1699176C1186}.Debug|Any CPU.Build.0 = Debug|Any CPU
		{362E630C-937E-4B3B-9EA2-1699176C1186}.Release|Any CPU.ActiveCfg = Release|Any CPU
		{362E630C-937E-4B3B-9EA2-1699176C1186}.Release|Any CPU.Build.0 = Release|Any CPU
	EndGlobalSection
	GlobalSection(SolutionProperties) = preSolution
		HideSolutionNode = FALSE
	EndGlobalSection
	GlobalSection(ExtensibilityGlobals) = postSolution
		SolutionGuid = {4C98B210-9E02-4D9A-9412-4E250E3B2860}
	EndGlobalSection
EndGlobal
